github.com/crate-crypto/go-ipa v0.0.0-20220518141538-8a09157db00a h1:vlXTVchD2qxDlrCtVQZOyYThbI5rVuLmZgXpMf7C7wM=
github.com/crate-crypto/go-ipa v0.0.0-20220518141538-8a09157db00a/go.mod h1:gFnFS95y8HstDP6P9pPwzrxOOC5TRDkwbM+ao15ChAI=
github.com/crate-crypto/go-ipa v0.0.0-20220518143002-bb5c76ff150e h1:lerU+Bwfo7izG4zhMOT+hYFVic+3uN6sgSikUEysL2U=
github.com/crate-crypto/go-ipa v0.0.0-20220518143002-bb5c76ff150e/go.mod h1:gFnFS95y8HstDP6P9pPwzrxOOC5TRDkwbM+ao15ChAI=
github.com/crate-crypto/go-ipa v0.0.0-20220523130400-f11357ae11c7 h1:6IrxszG5G+O7zhtkWxq6+unVvnrm1fqV2Pe+T95DUzw=
github.com/crate-crypto/go-ipa v0.0.0-20220523130400-f11357ae11c7/go.mod h1:gFnFS95y8HstDP6P9pPwzrxOOC5TRDkwbM+ao15ChAI=
github.com/crate-crypto/go-ipa v0.0.0-20220523221811-8007ecf25979 h1:VuUvxvfuqy9deC1v13b8oXp2u95dT1YQCZy7PfDv0IY=
github.com/crate-crypto/go-ipa v0.0.0-20220523221811-8007ecf25979/go.mod h1:gFnFS95y8HstDP6P9pPwzrxOOC5TRDkwbM+ao15ChAI=
github.com/crate-crypto/go-ipa v0.0.0-20220524122216-93013fc5e327 h1:E6A+t+Jx11nqwgQwUX41rM/BYa1fQOjRQqafNSBo0DE=
github.com/crate-crypto/go-ipa v0.0.0-20220524122216-93013fc5e327/go.mod h1:gFnFS95y8HstDP6P9pPwzrxOOC5TRDkwbM+ao15ChAI=
github.com/leanovate/gopter v0.2.9 h1:fQjYxZaynp97ozCzfOyOuAGOU4aU/z37zf/tOujFk7c=
github.com/leanovate/gopter v0.2.9/go.mod h1:U2L/78B+KVFIx2VmW6onHJQzXtFb+p5y3y2Sh+Jxxv8=
golang.org/x/sys v0.0.0-20211020174200-9d6173849985/go.mod h1:oPkhp1MJrh7nUepCBck5+mAzfO9JrbApNNgaTdGDITg=
golang.org/x/sys v0.0.0-20220517195934-5e4e11fc645e h1:w36l2Uw3dRan1K3TyXriXvY+6T56GNmlKGcqiQUJDfM=
golang.org/x/sys v0.0.0-20220517195934-5e4e11fc645e/go.mod h1:oPkhp1MJrh7nUepCBck5+mAzfO9JrbApNNgaTdGDITg=
