github.com/crate-crypto/go-ipa v0.0.0-20211031211114-01ccaafc10b5 h1:MDNhjbPBtRebozlc2eGDjdJUTAEkkuUBHNfkd+TLVZ8=
github.com/crate-crypto/go-ipa v0.0.0-20211031211114-01ccaafc10b5/go.mod h1:gFnFS95y8HstDP6P9pPwzrxOOC5TRDkwbM+ao15ChAI=
github.com/crate-crypto/go-ipa v0.0.0-20211107182441-1aeb67f49de7 h1:P6yxenBOOu4RF26bRLiWG+zrwQ1kPAaz71sDmX6b76I=
github.com/crate-crypto/go-ipa v0.0.0-20211107182441-1aeb67f49de7/go.mod h1:gFnFS95y8HstDP6P9pPwzrxOOC5TRDkwbM+ao15ChAI=
github.com/crate-crypto/go-ipa v0.0.0-20211223165939-ab3f49447206 h1:nMTTM1b+4WtWrb43nmTUV/FJz7M0M2g5fioLmd4QzUQ=
github.com/crate-crypto/go-ipa v0.0.0-20211223165939-ab3f49447206/go.mod h1:gFnFS95y8HstDP6P9pPwzrxOOC5TRDkwbM+ao15ChAI=
github.com/crate-crypto/go-ipa v0.0.0-20220114181434-991b62f9b1da h1:2luwsOSyUPVE67DmD7s2nKM+JbxaRuOCu6Y82qBTdnI=
github.com/crate-crypto/go-ipa v0.0.0-20220114181434-991b62f9b1da/go.mod h1:gFnFS95y8HstDP6P9pPwzrxOOC5TRDkwbM+ao15ChAI=
github.com/crate-crypto/go-ipa v0.0.0-20220120174240-fe21866d2ad5 h1:BsLconJDsODyRO72xjBHhxZKPCuY/kBgZdPeV4GFNlU=
github.com/crate-crypto/go-ipa v0.0.0-20220120174240-fe21866d2ad5/go.mod h1:gFnFS95y8HstDP6P9pPwzrxOOC5TRDkwbM+ao15ChAI=
github.com/crate-crypto/go-ipa v0.0.0-20220309173511-816621cb2ec4 h1:6KIFkDoBRVfE2I4cUt2wUuejBs+ReEe0cNQnTLs8AwE=
github.com/crate-crypto/go-ipa v0.0.0-20220309173511-816621cb2ec4/go.mod h1:gFnFS95y8HstDP6P9pPwzrxOOC5TRDkwbM+ao15ChAI=
github.com/crate-crypto/go-ipa v0.0.0-20220516134728-b2cd5dda440e h1:gxuOODMooJDWRS+Ov44j/IeFkCPxdY6zYpp0H1vyj5M=
github.com/crate-crypto/go-ipa v0.0.0-20220516134728-b2cd5dda440e/go.mod h1:gFnFS95y8HstDP6P9pPwzrxOOC5TRDkwbM+ao15ChAI=
github.com/leanovate/gopter v0.2.9/go.mod h1:U2L/78B+KVFIx2VmW6onHJQzXtFb+p5y3y2Sh+Jxxv8=
golang.org/x/sys v0.0.0-20211020174200-9d6173849985/go.mod h1:oPkhp1MJrh7nUepCBck5+mAzfO9JrbApNNgaTdGDITg=
golang.org/x/sys v0.0.0-20211023085530-d6a326fbbf70 h1:SeSEfdIxyvwGJliREIJhRPPXvW6sDlLT+UQ3B0hD0NA=
golang.org/x/sys v0.0.0-20211023085530-d6a326fbbf70/go.mod h1:oPkhp1MJrh7nUepCBck5+mAzfO9JrbApNNgaTdGDITg=
golang.org/x/sys v0.0.0-20211031064116-611d5d643895 h1:iaNpwpnrgL5jzWS0vCNnfa8HqzxveCFpFx3uC/X4Tps=
golang.org/x/sys v0.0.0-20211031064116-611d5d643895/go.mod h1:oPkhp1MJrh7nUepCBck5+mAzfO9JrbApNNgaTdGDITg=
golang.org/x/sys v0.0.0-20211107104306-e0b2ad06fe42 h1:G2DDmludOQZoWbpCr7OKDxnl478ZBGMcOhrv+ooX/Q4=
golang.org/x/sys v0.0.0-20211107104306-e0b2ad06fe42/go.mod h1:oPkhp1MJrh7nUepCBck5+mAzfO9JrbApNNgaTdGDITg=
golang.org/x/sys v0.0.0-20211216021012-1d35b9e2eb4e h1:fLOSk5Q00efkSvAm+4xcoXD+RRmLmmulPn5I3Y9F2EM=
golang.org/x/sys v0.0.0-20211216021012-1d35b9e2eb4e/go.mod h1:oPkhp1MJrh7nUepCBck5+mAzfO9JrbApNNgaTdGDITg=
golang.org/x/sys v0.0.0-20220114195835-da31bd327af9 h1:XfKQ4OlFl8okEOr5UvAqFRVj8pY/4yfcXrddB8qAbU0=
golang.org/x/sys v0.0.0-20220114195835-da31bd327af9/go.mod h1:oPkhp1MJrh7nUepCBck5+mAzfO9JrbApNNgaTdGDITg=
golang.org/x/sys v0.0.0-20220224120231-95c6836cb0e7 h1:BXxu8t6QN0G1uff4bzZzSkpsax8+ALqTGUtz08QrV00=
golang.org/x/sys v0.0.0-20220224120231-95c6836cb0e7/go.mod h1:oPkhp1MJrh7nUepCBck5+mAzfO9JrbApNNgaTdGDITg=
golang.org/x/sys v0.0.0-20220307203707-22a9840ba4d7 h1:8IVLkfbr2cLhv0a/vKq4UFUcJym8RmDoDboxCFWEjYE=
golang.org/x/sys v0.0.0-20220307203707-22a9840ba4d7/go.mod h1:oPkhp1MJrh7nUepCBck5+mAzfO9JrbApNNgaTdGDITg=
